
Microsoft Visual Studio Solution File, Format Version 12.00
# Visual Studio Version 16
VisualStudioVersion = 16.0.31624.102
MinimumVisualStudioVersion = 10.0.40219.1
Project("{FAE04EC0-301F-11D3-BF4B-00C04F79EFBC}") = "Dekker_Peterson_LamportBakery_Algorithms", "Dekker_Peterson_LamportBakery_Algorithms\Dekker_Peterson_LamportBakery_Algorithms.csproj", "{7A37D93B-EE80-4EE2-87EF-221A9A5A4AFE}"
EndProject
Global
	GlobalSection(SolutionConfigurationPlatforms) = preSolution
		Debug|Any CPU = Debug|Any CPU
		Release|Any CPU = Release|Any CPU
	EndGlobalSection
	GlobalSection(ProjectConfigurationPlatforms) = postSolution
		{7A37D93B-EE80-4EE2-87EF-221A9A5A4AFE}.Debug|Any CPU.ActiveCfg = Debug|Any CPU
		{7A37D93B-EE80-4EE2-87EF-221A9A5A4AFE}.Debug|Any CPU.Build.0 = Debug|Any CPU
		{7A37D93B-EE80-4EE2-87EF-221A9A5A4AFE}.Release|Any CPU.ActiveCfg = Release|Any CPU
		{7A37D93B-EE80-4EE2-87EF-221A9A5A4AFE}.Release|Any CPU.Build.0 = Release|Any CPU
	EndGlobalSection
	GlobalSection(SolutionProperties) = preSolution
		HideSolutionNode = FALSE
	EndGlobalSection
	GlobalSection(ExtensibilityGlobals) = postSolution
		SolutionGuid = {0D79A00A-860C-487A-9B55-6F92B0153981}
	EndGlobalSection
EndGlobal
